
Microsoft Visual Studio Solution File, Format Version 12.00
# Visual Studio Version 16
VisualStudioVersion = 16.0.31702.278
MinimumVisualStudioVersion = 10.0.40219.1
Project("{9A19103F-16F7-4668-BE54-9A1E7A4F7556}") = "HotelPrAPI", "HotelPr API\HotelPrAPI.csproj", "{4C4BBA70-B7B5-4F00-A4FF-A74EA594118F}"
EndProject
Project("{2150E333-8FDC-42A3-9474-1A3956D46DE8}") = "2 - Application", "2 - Application", "{DD652375-4E72-4852-9C87-FBC9920388B1}"
EndProject
Project("{2150E333-8FDC-42A3-9474-1A3956D46DE8}") = "3 - Domain", "3 - Domain", "{2B0644E7-9464-4894-85F3-199DA50C346A}"
EndProject
Project("{9A19103F-16F7-4668-BE54-9A1E7A4F7556}") = "Hotel.Domain", "Domain\Hotel.Domain.csproj", "{A4A7B23D-6D66-491A-ABC8-2F737954A2F0}"
EndProject
Project("{2150E333-8FDC-42A3-9474-1A3956D46DE8}") = "4 - Infra", "4 - Infra", "{D28C73C2-EF35-46F8-B537-9DE52DFC106C}"
EndProject
Project("{2150E333-8FDC-42A3-9474-1A3956D46DE8}") = "4.1 - Data", "4.1 - Data", "{E16E4F08-D3AF-422E-8A22-2E1D415624E2}"
EndProject
Project("{2150E333-8FDC-42A3-9474-1A3956D46DE8}") = "4.2 - CrossCutting", "4.2 - CrossCutting", "{D827DF3B-C4B7-4C58-AB26-1F7837763646}"
EndProject
Project("{9A19103F-16F7-4668-BE54-9A1E7A4F7556}") = "Hotel.Infra.Data", "Hotel.Infra.Data\Hotel.Infra.Data.csproj", "{E68A3355-A734-4E06-8946-DB1A8F94AA5E}"
EndProject
Project("{9A19103F-16F7-4668-BE54-9A1E7A4F7556}") = "Hotel.Infra.CrossCutting", "Hotel.Infra.CrossCutting\Hotel.Infra.CrossCutting.csproj", "{FE169897-5F02-4F02-BD3F-E8496EA75D49}"
EndProject
Project("{2150E333-8FDC-42A3-9474-1A3956D46DE8}") = "1 - Presentation", "1 - Presentation", "{1B89393D-02CC-41BD-8C6F-7689E79BDBC1}"
EndProject
Project("{9A19103F-16F7-4668-BE54-9A1E7A4F7556}") = "Hotel.Aplication", "Hotel.Aplication\Hotel.Aplication.csproj", "{F9B68324-4DF0-40EF-A74C-2F623F8DCEB5}"
EndProject
Project("{FAE04EC0-301F-11D3-BF4B-00C04F79EFBC}") = "HotelPrMVC", "HotelPrMVC\HotelPrMVC.csproj", "{1A81C82A-102F-4884-B8FC-AFF66A63C032}"
EndProject
Global
	GlobalSection(SolutionConfigurationPlatforms) = preSolution
		Debug|Any CPU = Debug|Any CPU
		Release|Any CPU = Release|Any CPU
	EndGlobalSection
	GlobalSection(ProjectConfigurationPlatforms) = postSolution
		{4C4BBA70-B7B5-4F00-A4FF-A74EA594118F}.Debug|Any CPU.ActiveCfg = Debug|Any CPU
		{4C4BBA70-B7B5-4F00-A4FF-A74EA594118F}.Debug|Any CPU.Build.0 = Debug|Any CPU
		{4C4BBA70-B7B5-4F00-A4FF-A74EA594118F}.Release|Any CPU.ActiveCfg = Release|Any CPU
		{4C4BBA70-B7B5-4F00-A4FF-A74EA594118F}.Release|Any CPU.Build.0 = Release|Any CPU
		{A4A7B23D-6D66-491A-ABC8-2F737954A2F0}.Debug|Any CPU.ActiveCfg = Debug|Any CPU
		{A4A7B23D-6D66-491A-ABC8-2F737954A2F0}.Debug|Any CPU.Build.0 = Debug|Any CPU
		{A4A7B23D-6D66-491A-ABC8-2F737954A2F0}.Release|Any CPU.ActiveCfg = Release|Any CPU
		{A4A7B23D-6D66-491A-ABC8-2F737954A2F0}.Release|Any CPU.Build.0 = Release|Any CPU
		{E68A3355-A734-4E06-8946-DB1A8F94AA5E}.Debug|Any CPU.ActiveCfg = Debug|Any CPU
		{E68A3355-A734-4E06-8946-DB1A8F94AA5E}.Debug|Any CPU.Build.0 = Debug|Any CPU
		{E68A3355-A734-4E06-8946-DB1A8F94AA5E}.Release|Any CPU.ActiveCfg = Release|Any CPU
		{E68A3355-A734-4E06-8946-DB1A8F94AA5E}.Release|Any CPU.Build.0 = Release|Any CPU
		{FE169897-5F02-4F02-BD3F-E8496EA75D49}.Debug|Any CPU.ActiveCfg = Debug|Any CPU
		{FE169897-5F02-4F02-BD3F-E8496EA75D49}.Debug|Any CPU.Build.0 = Debug|Any CPU
		{FE169897-5F02-4F02-BD3F-E8496EA75D49}.Release|Any CPU.ActiveCfg = Release|Any CPU
		{FE169897-5F02-4F02-BD3F-E8496EA75D49}.Release|Any CPU.Build.0 = Release|Any CPU
		{F9B68324-4DF0-40EF-A74C-2F623F8DCEB5}.Debug|Any CPU.ActiveCfg = Debug|Any CPU
		{F9B68324-4DF0-40EF-A74C-2F623F8DCEB5}.Debug|Any CPU.Build.0 = Debug|Any CPU
		{F9B68324-4DF0-40EF-A74C-2F623F8DCEB5}.Release|Any CPU.ActiveCfg = Release|Any CPU
		{F9B68324-4DF0-40EF-A74C-2F623F8DCEB5}.Release|Any CPU.Build.0 = Release|Any CPU
		{1A81C82A-102F-4884-B8FC-AFF66A63C032}.Debug|Any CPU.ActiveCfg = Debug|Any CPU
		{1A81C82A-102F-4884-B8FC-AFF66A63C032}.Debug|Any CPU.Build.0 = Debug|Any CPU
		{1A81C82A-102F-4884-B8FC-AFF66A63C032}.Release|Any CPU.ActiveCfg = Release|Any CPU
		{1A81C82A-102F-4884-B8FC-AFF66A63C032}.Release|Any CPU.Build.0 = Release|Any CPU
	EndGlobalSection
	GlobalSection(SolutionProperties) = preSolution
		HideSolutionNode = FALSE
	EndGlobalSection
	GlobalSection(NestedProjects) = preSolution
		{4C4BBA70-B7B5-4F00-A4FF-A74EA594118F} = {1B89393D-02CC-41BD-8C6F-7689E79BDBC1}
		{A4A7B23D-6D66-491A-ABC8-2F737954A2F0} = {2B0644E7-9464-4894-85F3-199DA50C346A}
		{E16E4F08-D3AF-422E-8A22-2E1D415624E2} = {D28C73C2-EF35-46F8-B537-9DE52DFC106C}
		{D827DF3B-C4B7-4C58-AB26-1F7837763646} = {D28C73C2-EF35-46F8-B537-9DE52DFC106C}
		{E68A3355-A734-4E06-8946-DB1A8F94AA5E} = {E16E4F08-D3AF-422E-8A22-2E1D415624E2}
		{FE169897-5F02-4F02-BD3F-E8496EA75D49} = {D827DF3B-C4B7-4C58-AB26-1F7837763646}
		{F9B68324-4DF0-40EF-A74C-2F623F8DCEB5} = {DD652375-4E72-4852-9C87-FBC9920388B1}
		{1A81C82A-102F-4884-B8FC-AFF66A63C032} = {1B89393D-02CC-41BD-8C6F-7689E79BDBC1}
	EndGlobalSection
	GlobalSection(ExtensibilityGlobals) = postSolution
		SolutionGuid = {720BE82C-D047-4E9B-A5FE-0A23DC10530F}
	EndGlobalSection
EndGlobal
